// !$*UTF8*$!
{
	archiveVersion = 1;
	classes = {
	};
	objectVersion = 56;
	objects = {

/* Begin PBXBuildFile section */
		4A599C512B45A3D400181291 /* UITextField + Extension.swift in Sources */ = {isa = PBXBuildFile; fileRef = 4A599C502B45A3D400181291 /* UITextField + Extension.swift */; };
		4A599C572B45B19E00181291 /* CardUserCollectionViewCell.swift in Sources */ = {isa = PBXBuildFile; fileRef = 4A599C562B45B19E00181291 /* CardUserCollectionViewCell.swift */; };
		4A599C592B45B1FA00181291 /* CardUserCollectionViewCellScreen.swift in Sources */ = {isa = PBXBuildFile; fileRef = 4A599C582B45B1FA00181291 /* CardUserCollectionViewCellScreen.swift */; };
		4A599C5B2B45BA4400181291 /* HomeViewModel.swift in Sources */ = {isa = PBXBuildFile; fileRef = 4A599C5A2B45BA4400181291 /* HomeViewModel.swift */; };
		4A599C602B4652E200181291 /* RepositoriesCollectionViewCell.swift in Sources */ = {isa = PBXBuildFile; fileRef = 4A599C5F2B4652E200181291 /* RepositoriesCollectionViewCell.swift */; };
		4A599C622B46556C00181291 /* RepositoriesCollectionViewCellScreen.swift in Sources */ = {isa = PBXBuildFile; fileRef = 4A599C612B46556C00181291 /* RepositoriesCollectionViewCellScreen.swift */; };
		4A599C672B46D7B200181291 /* RepositoriesCardCollectionViewCell.swift in Sources */ = {isa = PBXBuildFile; fileRef = 4A599C662B46D7B200181291 /* RepositoriesCardCollectionViewCell.swift */; };
		4A599C692B46D7E600181291 /* RepositoriesCardCollectionViewCellScreen.swift in Sources */ = {isa = PBXBuildFile; fileRef = 4A599C682B46D7E600181291 /* RepositoriesCardCollectionViewCellScreen.swift */; };
		4A599C6C2B46F48900181291 /* UIView + Extension.swift in Sources */ = {isa = PBXBuildFile; fileRef = 4A599C6B2B46F48900181291 /* UIView + Extension.swift */; };
		4A599C6F2B47976900181291 /* User.swift in Sources */ = {isa = PBXBuildFile; fileRef = 4A599C6E2B47976900181291 /* User.swift */; };
		4A599C712B4799FF00181291 /* Repo.swift in Sources */ = {isa = PBXBuildFile; fileRef = 4A599C702B4799FF00181291 /* Repo.swift */; };
		4A7C213E2B44B81B00DEDE40 /* AppDelegate.swift in Sources */ = {isa = PBXBuildFile; fileRef = 4A7C213D2B44B81B00DEDE40 /* AppDelegate.swift */; };
		4A7C21402B44B81B00DEDE40 /* SceneDelegate.swift in Sources */ = {isa = PBXBuildFile; fileRef = 4A7C213F2B44B81B00DEDE40 /* SceneDelegate.swift */; };
		4A7C21422B44B81B00DEDE40 /* HomeVC.swift in Sources */ = {isa = PBXBuildFile; fileRef = 4A7C21412B44B81B00DEDE40 /* HomeVC.swift */; };
		4A7C21472B44B81E00DEDE40 /* Assets.xcassets in Resources */ = {isa = PBXBuildFile; fileRef = 4A7C21462B44B81E00DEDE40 /* Assets.xcassets */; };
		4A7C214A2B44B81E00DEDE40 /* LaunchScreen.storyboard in Resources */ = {isa = PBXBuildFile; fileRef = 4A7C21482B44B81E00DEDE40 /* LaunchScreen.storyboard */; };
		4A7C21562B44B8FC00DEDE40 /* HomeScreen.swift in Sources */ = {isa = PBXBuildFile; fileRef = 4A7C21552B44B8FC00DEDE40 /* HomeScreen.swift */; };
		4A7C215A2B45834900DEDE40 /* UIColor + Extension.swift in Sources */ = {isa = PBXBuildFile; fileRef = 4A7C21592B45834900DEDE40 /* UIColor + Extension.swift */; };
		4A7C215C2B45837800DEDE40 /* UIFont + Extension.swift in Sources */ = {isa = PBXBuildFile; fileRef = 4A7C215B2B45837800DEDE40 /* UIFont + Extension.swift */; };
		4A7C216D2B45841200DEDE40 /* Inter-Medium.ttf in Resources */ = {isa = PBXBuildFile; fileRef = 4A7C21612B45841200DEDE40 /* Inter-Medium.ttf */; };
		4A7C216E2B45841200DEDE40 /* Inter-Light.ttf in Resources */ = {isa = PBXBuildFile; fileRef = 4A7C21622B45841200DEDE40 /* Inter-Light.ttf */; };
		4A7C216F2B45841200DEDE40 /* Inter-Thin.ttf in Resources */ = {isa = PBXBuildFile; fileRef = 4A7C21632B45841200DEDE40 /* Inter-Thin.ttf */; };
		4A7C21702B45841200DEDE40 /* Inter-Bold.ttf in Resources */ = {isa = PBXBuildFile; fileRef = 4A7C21642B45841200DEDE40 /* Inter-Bold.ttf */; };
		4A7C21712B45841200DEDE40 /* Inter-Regular.ttf in Resources */ = {isa = PBXBuildFile; fileRef = 4A7C21652B45841200DEDE40 /* Inter-Regular.ttf */; };
		4A7C21722B45841200DEDE40 /* Inter-ExtraBold.ttf in Resources */ = {isa = PBXBuildFile; fileRef = 4A7C21662B45841200DEDE40 /* Inter-ExtraBold.ttf */; };
		4A7C21732B45841200DEDE40 /* Inter-ExtraLight.ttf in Resources */ = {isa = PBXBuildFile; fileRef = 4A7C21672B45841200DEDE40 /* Inter-ExtraLight.ttf */; };
		4A7C21742B45841200DEDE40 /* Inter-Black.ttf in Resources */ = {isa = PBXBuildFile; fileRef = 4A7C21682B45841200DEDE40 /* Inter-Black.ttf */; };
		4A7C21752B45841200DEDE40 /* Inter-SemiBold.ttf in Resources */ = {isa = PBXBuildFile; fileRef = 4A7C21692B45841200DEDE40 /* Inter-SemiBold.ttf */; };
		4ACD49AA2B459E3E00846B1F /* UIImage + Extension.swift in Sources */ = {isa = PBXBuildFile; fileRef = 4ACD49A92B459E3E00846B1F /* UIImage + Extension.swift */; };
		4AD883722B479FBA00E951F4 /* ReposData.json in Resources */ = {isa = PBXBuildFile; fileRef = 4AD883712B479FBA00E951F4 /* ReposData.json */; };
		4AD883772B482E9100E951F4 /* CardUserCollectionViewCellViewModel.swift in Sources */ = {isa = PBXBuildFile; fileRef = 4AD883762B482E9100E951F4 /* CardUserCollectionViewCellViewModel.swift */; };
		4AD8837B2B48316500E951F4 /* HomeService.swift in Sources */ = {isa = PBXBuildFile; fileRef = 4AD8837A2B48316500E951F4 /* HomeService.swift */; };
		4AD8837E2B483C7F00E951F4 /* RepositoriesCollectionViewCellViewModel.swift in Sources */ = {isa = PBXBuildFile; fileRef = 4AD8837D2B483C7F00E951F4 /* RepositoriesCollectionViewCellViewModel.swift */; };
		4AD883842B487CE500E951F4 /* UserService.swift in Sources */ = {isa = PBXBuildFile; fileRef = 4AD883832B487CE500E951F4 /* UserService.swift */; };
		4AD883892B48897700E951F4 /* UserData.json in Resources */ = {isa = PBXBuildFile; fileRef = 4AD883852B487D3C00E951F4 /* UserData.json */; };
		4AD8838B2B48A67F00E951F4 /* UIImageView + Extension.swift in Sources */ = {isa = PBXBuildFile; fileRef = 4AD8838A2B48A67F00E951F4 /* UIImageView + Extension.swift */; };
		4AD8838D2B48DE3300E951F4 /* RepoService.swift in Sources */ = {isa = PBXBuildFile; fileRef = 4AD8838C2B48DE3300E951F4 /* RepoService.swift */; };
		4AD883902B48E5C100E951F4 /* RepositoriesCardCollectionViewCellViewModel.swift in Sources */ = {isa = PBXBuildFile; fileRef = 4AD8838F2B48E5C100E951F4 /* RepositoriesCardCollectionViewCellViewModel.swift */; };
/* End PBXBuildFile section */

/* Begin PBXFileReference section */
		4A599C502B45A3D400181291 /* UITextField + Extension.swift */ = {isa = PBXFileReference; lastKnownFileType = sourcecode.swift; path = "UITextField + Extension.swift"; sourceTree = "<group>"; };
		4A599C562B45B19E00181291 /* CardUserCollectionViewCell.swift */ = {isa = PBXFileReference; lastKnownFileType = sourcecode.swift; path = CardUserCollectionViewCell.swift; sourceTree = "<group>"; };
		4A599C582B45B1FA00181291 /* CardUserCollectionViewCellScreen.swift */ = {isa = PBXFileReference; lastKnownFileType = sourcecode.swift; path = CardUserCollectionViewCellScreen.swift; sourceTree = "<group>"; };
		4A599C5A2B45BA4400181291 /* HomeViewModel.swift */ = {isa = PBXFileReference; lastKnownFileType = sourcecode.swift; path = HomeViewModel.swift; sourceTree = "<group>"; };
		4A599C5F2B4652E200181291 /* RepositoriesCollectionViewCell.swift */ = {isa = PBXFileReference; lastKnownFileType = sourcecode.swift; path = RepositoriesCollectionViewCell.swift; sourceTree = "<group>"; };
		4A599C612B46556C00181291 /* RepositoriesCollectionViewCellScreen.swift */ = {isa = PBXFileReference; lastKnownFileType = sourcecode.swift; path = RepositoriesCollectionViewCellScreen.swift; sourceTree = "<group>"; };
		4A599C662B46D7B200181291 /* RepositoriesCardCollectionViewCell.swift */ = {isa = PBXFileReference; lastKnownFileType = sourcecode.swift; path = RepositoriesCardCollectionViewCell.swift; sourceTree = "<group>"; };
		4A599C682B46D7E600181291 /* RepositoriesCardCollectionViewCellScreen.swift */ = {isa = PBXFileReference; lastKnownFileType = sourcecode.swift; path = RepositoriesCardCollectionViewCellScreen.swift; sourceTree = "<group>"; };
		4A599C6B2B46F48900181291 /* UIView + Extension.swift */ = {isa = PBXFileReference; lastKnownFileType = sourcecode.swift; path = "UIView + Extension.swift"; sourceTree = "<group>"; };
		4A599C6E2B47976900181291 /* User.swift */ = {isa = PBXFileReference; lastKnownFileType = sourcecode.swift; path = User.swift; sourceTree = "<group>"; };
		4A599C702B4799FF00181291 /* Repo.swift */ = {isa = PBXFileReference; lastKnownFileType = sourcecode.swift; path = Repo.swift; sourceTree = "<group>"; };
		4A7C213A2B44B81B00DEDE40 /* RhGitSearch.app */ = {isa = PBXFileReference; explicitFileType = wrapper.application; includeInIndex = 0; path = RhGitSearch.app; sourceTree = BUILT_PRODUCTS_DIR; };
		4A7C213D2B44B81B00DEDE40 /* AppDelegate.swift */ = {isa = PBXFileReference; lastKnownFileType = sourcecode.swift; path = AppDelegate.swift; sourceTree = "<group>"; };
		4A7C213F2B44B81B00DEDE40 /* SceneDelegate.swift */ = {isa = PBXFileReference; lastKnownFileType = sourcecode.swift; path = SceneDelegate.swift; sourceTree = "<group>"; };
		4A7C21412B44B81B00DEDE40 /* HomeVC.swift */ = {isa = PBXFileReference; lastKnownFileType = sourcecode.swift; path = HomeVC.swift; sourceTree = "<group>"; };
		4A7C21462B44B81E00DEDE40 /* Assets.xcassets */ = {isa = PBXFileReference; lastKnownFileType = folder.assetcatalog; path = Assets.xcassets; sourceTree = "<group>"; };
		4A7C21492B44B81E00DEDE40 /* Base */ = {isa = PBXFileReference; lastKnownFileType = file.storyboard; name = Base; path = Base.lproj/LaunchScreen.storyboard; sourceTree = "<group>"; };
		4A7C214B2B44B81E00DEDE40 /* Info.plist */ = {isa = PBXFileReference; lastKnownFileType = text.plist.xml; path = Info.plist; sourceTree = "<group>"; };
		4A7C21552B44B8FC00DEDE40 /* HomeScreen.swift */ = {isa = PBXFileReference; lastKnownFileType = sourcecode.swift; path = HomeScreen.swift; sourceTree = "<group>"; };
		4A7C21592B45834900DEDE40 /* UIColor + Extension.swift */ = {isa = PBXFileReference; lastKnownFileType = sourcecode.swift; path = "UIColor + Extension.swift"; sourceTree = "<group>"; };
		4A7C215B2B45837800DEDE40 /* UIFont + Extension.swift */ = {isa = PBXFileReference; lastKnownFileType = sourcecode.swift; path = "UIFont + Extension.swift"; sourceTree = "<group>"; };
		4A7C21612B45841200DEDE40 /* Inter-Medium.ttf */ = {isa = PBXFileReference; lastKnownFileType = file; path = "Inter-Medium.ttf"; sourceTree = "<group>"; };
		4A7C21622B45841200DEDE40 /* Inter-Light.ttf */ = {isa = PBXFileReference; lastKnownFileType = file; path = "Inter-Light.ttf"; sourceTree = "<group>"; };
		4A7C21632B45841200DEDE40 /* Inter-Thin.ttf */ = {isa = PBXFileReference; lastKnownFileType = file; path = "Inter-Thin.ttf"; sourceTree = "<group>"; };
		4A7C21642B45841200DEDE40 /* Inter-Bold.ttf */ = {isa = PBXFileReference; lastKnownFileType = file; path = "Inter-Bold.ttf"; sourceTree = "<group>"; };
		4A7C21652B45841200DEDE40 /* Inter-Regular.ttf */ = {isa = PBXFileReference; lastKnownFileType = file; path = "Inter-Regular.ttf"; sourceTree = "<group>"; };
		4A7C21662B45841200DEDE40 /* Inter-ExtraBold.ttf */ = {isa = PBXFileReference; lastKnownFileType = file; path = "Inter-ExtraBold.ttf"; sourceTree = "<group>"; };
		4A7C21672B45841200DEDE40 /* Inter-ExtraLight.ttf */ = {isa = PBXFileReference; lastKnownFileType = file; path = "Inter-ExtraLight.ttf"; sourceTree = "<group>"; };
		4A7C21682B45841200DEDE40 /* Inter-Black.ttf */ = {isa = PBXFileReference; lastKnownFileType = file; path = "Inter-Black.ttf"; sourceTree = "<group>"; };
		4A7C21692B45841200DEDE40 /* Inter-SemiBold.ttf */ = {isa = PBXFileReference; lastKnownFileType = file; path = "Inter-SemiBold.ttf"; sourceTree = "<group>"; };
		4ACD49A92B459E3E00846B1F /* UIImage + Extension.swift */ = {isa = PBXFileReference; lastKnownFileType = sourcecode.swift; path = "UIImage + Extension.swift"; sourceTree = "<group>"; };
		4AD883712B479FBA00E951F4 /* ReposData.json */ = {isa = PBXFileReference; lastKnownFileType = text.json; path = ReposData.json; sourceTree = "<group>"; };
		4AD883762B482E9100E951F4 /* CardUserCollectionViewCellViewModel.swift */ = {isa = PBXFileReference; lastKnownFileType = sourcecode.swift; path = CardUserCollectionViewCellViewModel.swift; sourceTree = "<group>"; };
		4AD8837A2B48316500E951F4 /* HomeService.swift */ = {isa = PBXFileReference; lastKnownFileType = sourcecode.swift; path = HomeService.swift; sourceTree = "<group>"; };
		4AD8837D2B483C7F00E951F4 /* RepositoriesCollectionViewCellViewModel.swift */ = {isa = PBXFileReference; lastKnownFileType = sourcecode.swift; path = RepositoriesCollectionViewCellViewModel.swift; sourceTree = "<group>"; };
		4AD883832B487CE500E951F4 /* UserService.swift */ = {isa = PBXFileReference; lastKnownFileType = sourcecode.swift; path = UserService.swift; sourceTree = "<group>"; };
		4AD883852B487D3C00E951F4 /* UserData.json */ = {isa = PBXFileReference; lastKnownFileType = text.json; path = UserData.json; sourceTree = "<group>"; };
		4AD8838A2B48A67F00E951F4 /* UIImageView + Extension.swift */ = {isa = PBXFileReference; lastKnownFileType = sourcecode.swift; path = "UIImageView + Extension.swift"; sourceTree = "<group>"; };
		4AD8838C2B48DE3300E951F4 /* RepoService.swift */ = {isa = PBXFileReference; lastKnownFileType = sourcecode.swift; path = RepoService.swift; sourceTree = "<group>"; };
		4AD8838F2B48E5C100E951F4 /* RepositoriesCardCollectionViewCellViewModel.swift */ = {isa = PBXFileReference; lastKnownFileType = sourcecode.swift; path = RepositoriesCardCollectionViewCellViewModel.swift; sourceTree = "<group>"; };
/* End PBXFileReference section */

/* Begin PBXFrameworksBuildPhase section */
		4A7C21372B44B81B00DEDE40 /* Frameworks */ = {
			isa = PBXFrameworksBuildPhase;
			buildActionMask = 2147483647;
			files = (
			);
			runOnlyForDeploymentPostprocessing = 0;
		};
/* End PBXFrameworksBuildPhase section */

/* Begin PBXGroup section */
		4A599C522B45B15F00181291 /* Cell */ = {
			isa = PBXGroup;
			children = (
				4AD883822B48442300E951F4 /* User */,
				4A599C5C2B464E1700181291 /* Repo */,
			);
			path = Cell;
			sourceTree = "<group>";
		};
		4A599C532B45B16700181291 /* CardUserCollectionViewCell */ = {
			isa = PBXGroup;
			children = (
				4AD883752B482E7F00E951F4 /* ViewModel */,
				4A599C552B45B18900181291 /* Screen */,
				4A599C542B45B18400181291 /* VC */,
			);
			path = CardUserCollectionViewCell;
			sourceTree = "<group>";
		};
		4A599C542B45B18400181291 /* VC */ = {
			isa = PBXGroup;
			children = (
				4A599C562B45B19E00181291 /* CardUserCollectionViewCell.swift */,
			);
			path = VC;
			sourceTree = "<group>";
		};
		4A599C552B45B18900181291 /* Screen */ = {
			isa = PBXGroup;
			children = (
				4A599C582B45B1FA00181291 /* CardUserCollectionViewCellScreen.swift */,
			);
			path = Screen;
			sourceTree = "<group>";
		};
		4A599C5C2B464E1700181291 /* Repo */ = {
			isa = PBXGroup;
			children = (
				4AD883802B4842DC00E951F4 /* RepositoriesCardCollectionViewCell */,
				4AD8837F2B4842CD00E951F4 /* RepositoriesCollectionViewCell */,
			);
			path = Repo;
			sourceTree = "<group>";
		};
		4A599C5D2B464E2800181291 /* VC */ = {
			isa = PBXGroup;
			children = (
				4A599C5F2B4652E200181291 /* RepositoriesCollectionViewCell.swift */,
			);
			path = VC;
			sourceTree = "<group>";
		};
		4A599C5E2B464E2B00181291 /* Screen */ = {
			isa = PBXGroup;
			children = (
				4A599C612B46556C00181291 /* RepositoriesCollectionViewCellScreen.swift */,
			);
			path = Screen;
			sourceTree = "<group>";
		};
		4A599C642B46D79B00181291 /* VC */ = {
			isa = PBXGroup;
			children = (
				4A599C662B46D7B200181291 /* RepositoriesCardCollectionViewCell.swift */,
			);
			path = VC;
			sourceTree = "<group>";
		};
		4A599C652B46D79E00181291 /* Screen */ = {
			isa = PBXGroup;
			children = (
				4A599C682B46D7E600181291 /* RepositoriesCardCollectionViewCellScreen.swift */,
			);
			path = Screen;
			sourceTree = "<group>";
		};
		4A599C6D2B47968700181291 /* Model */ = {
			isa = PBXGroup;
			children = (
				4A599C702B4799FF00181291 /* Repo.swift */,
				4A599C6E2B47976900181291 /* User.swift */,
			);
			path = Model;
			sourceTree = "<group>";
		};
		4A7C21312B44B81B00DEDE40 = {
			isa = PBXGroup;
			children = (
				4A7C213C2B44B81B00DEDE40 /* RhGitSearch */,
				4A7C213B2B44B81B00DEDE40 /* Products */,
			);
			sourceTree = "<group>";
		};
		4A7C213B2B44B81B00DEDE40 /* Products */ = {
			isa = PBXGroup;
			children = (
				4A7C213A2B44B81B00DEDE40 /* RhGitSearch.app */,
			);
			name = Products;
			sourceTree = "<group>";
		};
		4A7C213C2B44B81B00DEDE40 /* RhGitSearch */ = {
			isa = PBXGroup;
			children = (
				4AD883782B48315000E951F4 /* Service */,
				4AD8836E2B479E6D00E951F4 /* Mock */,
				4A599C6D2B47968700181291 /* Model */,
				4A7C215D2B45839B00DEDE40 /* Fonts */,
				4A7C21572B45831800DEDE40 /* Utils */,
				4A7C21512B44B8D700DEDE40 /* Home */,
				4A7C213D2B44B81B00DEDE40 /* AppDelegate.swift */,
				4A7C213F2B44B81B00DEDE40 /* SceneDelegate.swift */,
				4A7C21462B44B81E00DEDE40 /* Assets.xcassets */,
				4A7C21482B44B81E00DEDE40 /* LaunchScreen.storyboard */,
				4A7C214B2B44B81E00DEDE40 /* Info.plist */,
			);
			path = RhGitSearch;
			sourceTree = "<group>";
		};
		4A7C21512B44B8D700DEDE40 /* Home */ = {
			isa = PBXGroup;
			children = (
				4A599C522B45B15F00181291 /* Cell */,
				4A7C21542B44B8E300DEDE40 /* ViewModel */,
				4A7C21532B44B8E000DEDE40 /* Screen */,
				4A7C21522B44B8DE00DEDE40 /* VC */,
			);
			path = Home;
			sourceTree = "<group>";
		};
		4A7C21522B44B8DE00DEDE40 /* VC */ = {
			isa = PBXGroup;
			children = (
				4A7C21412B44B81B00DEDE40 /* HomeVC.swift */,
			);
			path = VC;
			sourceTree = "<group>";
		};
		4A7C21532B44B8E000DEDE40 /* Screen */ = {
			isa = PBXGroup;
			children = (
				4A7C21552B44B8FC00DEDE40 /* HomeScreen.swift */,
			);
			path = Screen;
			sourceTree = "<group>";
		};
		4A7C21542B44B8E300DEDE40 /* ViewModel */ = {
			isa = PBXGroup;
			children = (
				4A599C5A2B45BA4400181291 /* HomeViewModel.swift */,
			);
			path = ViewModel;
			sourceTree = "<group>";
		};
		4A7C21572B45831800DEDE40 /* Utils */ = {
			isa = PBXGroup;
			children = (
				4A7C21582B45832300DEDE40 /* Extensions */,
			);
			path = Utils;
			sourceTree = "<group>";
		};
		4A7C21582B45832300DEDE40 /* Extensions */ = {
			isa = PBXGroup;
			children = (
				4AD8838A2B48A67F00E951F4 /* UIImageView + Extension.swift */,
				4A7C21592B45834900DEDE40 /* UIColor + Extension.swift */,
				4A7C215B2B45837800DEDE40 /* UIFont + Extension.swift */,
				4ACD49A92B459E3E00846B1F /* UIImage + Extension.swift */,
				4A599C502B45A3D400181291 /* UITextField + Extension.swift */,
				4A599C6B2B46F48900181291 /* UIView + Extension.swift */,
			);
			path = Extensions;
			sourceTree = "<group>";
		};
		4A7C215D2B45839B00DEDE40 /* Fonts */ = {
			isa = PBXGroup;
			children = (
				4A7C215E2B45841200DEDE40 /* Inter */,
			);
			path = Fonts;
			sourceTree = "<group>";
		};
		4A7C215E2B45841200DEDE40 /* Inter */ = {
			isa = PBXGroup;
			children = (
				4A7C21612B45841200DEDE40 /* Inter-Medium.ttf */,
				4A7C21622B45841200DEDE40 /* Inter-Light.ttf */,
				4A7C21632B45841200DEDE40 /* Inter-Thin.ttf */,
				4A7C21642B45841200DEDE40 /* Inter-Bold.ttf */,
				4A7C21652B45841200DEDE40 /* Inter-Regular.ttf */,
				4A7C21662B45841200DEDE40 /* Inter-ExtraBold.ttf */,
				4A7C21672B45841200DEDE40 /* Inter-ExtraLight.ttf */,
				4A7C21682B45841200DEDE40 /* Inter-Black.ttf */,
				4A7C21692B45841200DEDE40 /* Inter-SemiBold.ttf */,
			);
			path = Inter;
			sourceTree = "<group>";
		};
		4AD8836E2B479E6D00E951F4 /* Mock */ = {
			isa = PBXGroup;
			children = (
				4AD883852B487D3C00E951F4 /* UserData.json */,
				4AD883712B479FBA00E951F4 /* ReposData.json */,
			);
			path = Mock;
			sourceTree = "<group>";
		};
		4AD883752B482E7F00E951F4 /* ViewModel */ = {
			isa = PBXGroup;
			children = (
				4AD883762B482E9100E951F4 /* CardUserCollectionViewCellViewModel.swift */,
			);
			path = ViewModel;
			sourceTree = "<group>";
		};
		4AD883782B48315000E951F4 /* Service */ = {
			isa = PBXGroup;
			children = (
				4AD8837A2B48316500E951F4 /* HomeService.swift */,
				4AD883832B487CE500E951F4 /* UserService.swift */,
				4AD8838C2B48DE3300E951F4 /* RepoService.swift */,
			);
			path = Service;
			sourceTree = "<group>";
		};
		4AD8837C2B483C6E00E951F4 /* ViewModel */ = {
			isa = PBXGroup;
			children = (
				4AD8837D2B483C7F00E951F4 /* RepositoriesCollectionViewCellViewModel.swift */,
			);
			path = ViewModel;
			sourceTree = "<group>";
		};
		4AD8837F2B4842CD00E951F4 /* RepositoriesCollectionViewCell */ = {
			isa = PBXGroup;
			children = (
				4AD8837C2B483C6E00E951F4 /* ViewModel */,
				4A599C5E2B464E2B00181291 /* Screen */,
				4A599C5D2B464E2800181291 /* VC */,
			);
			path = RepositoriesCollectionViewCell;
			sourceTree = "<group>";
		};
		4AD883802B4842DC00E951F4 /* RepositoriesCardCollectionViewCell */ = {
			isa = PBXGroup;
			children = (
				4AD8838E2B48E5B300E951F4 /* ViewModel */,
				4A599C652B46D79E00181291 /* Screen */,
				4A599C642B46D79B00181291 /* VC */,
			);
			path = RepositoriesCardCollectionViewCell;
			sourceTree = "<group>";
		};
		4AD883822B48442300E951F4 /* User */ = {
			isa = PBXGroup;
			children = (
				4A599C532B45B16700181291 /* CardUserCollectionViewCell */,
			);
			path = User;
			sourceTree = "<group>";
		};
		4AD8838E2B48E5B300E951F4 /* ViewModel */ = {
			isa = PBXGroup;
			children = (
				4AD8838F2B48E5C100E951F4 /* RepositoriesCardCollectionViewCellViewModel.swift */,
			);
			path = ViewModel;
			sourceTree = "<group>";
		};
/* End PBXGroup section */

/* Begin PBXNativeTarget section */
		4A7C21392B44B81B00DEDE40 /* RhGitSearch */ = {
			isa = PBXNativeTarget;
			buildConfigurationList = 4A7C214E2B44B81E00DEDE40 /* Build configuration list for PBXNativeTarget "RhGitSearch" */;
			buildPhases = (
				4A7C21362B44B81B00DEDE40 /* Sources */,
				4A7C21372B44B81B00DEDE40 /* Frameworks */,
				4A7C21382B44B81B00DEDE40 /* Resources */,
			);
			buildRules = (
			);
			dependencies = (
			);
			name = RhGitSearch;
			productName = RhGitSearch;
			productReference = 4A7C213A2B44B81B00DEDE40 /* RhGitSearch.app */;
			productType = "com.apple.product-type.application";
		};
/* End PBXNativeTarget section */

/* Begin PBXProject section */
		4A7C21322B44B81B00DEDE40 /* Project object */ = {
			isa = PBXProject;
			attributes = {
				BuildIndependentTargetsInParallel = 1;
				LastSwiftUpdateCheck = 1510;
				LastUpgradeCheck = 1510;
				TargetAttributes = {
					4A7C21392B44B81B00DEDE40 = {
						CreatedOnToolsVersion = 15.1;
					};
				};
			};
			buildConfigurationList = 4A7C21352B44B81B00DEDE40 /* Build configuration list for PBXProject "RhGitSearch" */;
			compatibilityVersion = "Xcode 14.0";
			developmentRegion = en;
			hasScannedForEncodings = 0;
			knownRegions = (
				en,
				Base,
			);
			mainGroup = 4A7C21312B44B81B00DEDE40;
			productRefGroup = 4A7C213B2B44B81B00DEDE40 /* Products */;
			projectDirPath = "";
			projectRoot = "";
			targets = (
				4A7C21392B44B81B00DEDE40 /* RhGitSearch */,
			);
		};
/* End PBXProject section */

/* Begin PBXResourcesBuildPhase section */
		4A7C21382B44B81B00DEDE40 /* Resources */ = {
			isa = PBXResourcesBuildPhase;
			buildActionMask = 2147483647;
			files = (
				4A7C21752B45841200DEDE40 /* Inter-SemiBold.ttf in Resources */,
				4A7C216E2B45841200DEDE40 /* Inter-Light.ttf in Resources */,
				4AD883892B48897700E951F4 /* UserData.json in Resources */,
				4A7C21732B45841200DEDE40 /* Inter-ExtraLight.ttf in Resources */,
				4A7C216D2B45841200DEDE40 /* Inter-Medium.ttf in Resources */,
				4A7C21722B45841200DEDE40 /* Inter-ExtraBold.ttf in Resources */,
				4A7C216F2B45841200DEDE40 /* Inter-Thin.ttf in Resources */,
				4AD883722B479FBA00E951F4 /* ReposData.json in Resources */,
				4A7C21702B45841200DEDE40 /* Inter-Bold.ttf in Resources */,
				4A7C21742B45841200DEDE40 /* Inter-Black.ttf in Resources */,
				4A7C214A2B44B81E00DEDE40 /* LaunchScreen.storyboard in Resources */,
				4A7C21712B45841200DEDE40 /* Inter-Regular.ttf in Resources */,
				4A7C21472B44B81E00DEDE40 /* Assets.xcassets in Resources */,
			);
			runOnlyForDeploymentPostprocessing = 0;
		};
/* End PBXResourcesBuildPhase section */

/* Begin PBXSourcesBuildPhase section */
		4A7C21362B44B81B00DEDE40 /* Sources */ = {
			isa = PBXSourcesBuildPhase;
			buildActionMask = 2147483647;
			files = (
				4ACD49AA2B459E3E00846B1F /* UIImage + Extension.swift in Sources */,
				4A599C5B2B45BA4400181291 /* HomeViewModel.swift in Sources */,
				4A599C512B45A3D400181291 /* UITextField + Extension.swift in Sources */,
				4A7C215C2B45837800DEDE40 /* UIFont + Extension.swift in Sources */,
				4A599C6C2B46F48900181291 /* UIView + Extension.swift in Sources */,
				4A599C592B45B1FA00181291 /* CardUserCollectionViewCellScreen.swift in Sources */,
				4A7C21562B44B8FC00DEDE40 /* HomeScreen.swift in Sources */,
				4AD883842B487CE500E951F4 /* UserService.swift in Sources */,
				4A599C6F2B47976900181291 /* User.swift in Sources */,
				4AD883902B48E5C100E951F4 /* RepositoriesCardCollectionViewCellViewModel.swift in Sources */,
				4AD883772B482E9100E951F4 /* CardUserCollectionViewCellViewModel.swift in Sources */,
				4A599C712B4799FF00181291 /* Repo.swift in Sources */,
				4A599C622B46556C00181291 /* RepositoriesCollectionViewCellScreen.swift in Sources */,
				4AD8837B2B48316500E951F4 /* HomeService.swift in Sources */,
				4AD8838B2B48A67F00E951F4 /* UIImageView + Extension.swift in Sources */,
				4A599C572B45B19E00181291 /* CardUserCollectionViewCell.swift in Sources */,
				4A7C21422B44B81B00DEDE40 /* HomeVC.swift in Sources */,
				4A7C213E2B44B81B00DEDE40 /* AppDelegate.swift in Sources */,
				4AD8837E2B483C7F00E951F4 /* RepositoriesCollectionViewCellViewModel.swift in Sources */,
				4A599C692B46D7E600181291 /* RepositoriesCardCollectionViewCellScreen.swift in Sources */,
				4A7C21402B44B81B00DEDE40 /* SceneDelegate.swift in Sources */,
				4A599C602B4652E200181291 /* RepositoriesCollectionViewCell.swift in Sources */,
				4A599C672B46D7B200181291 /* RepositoriesCardCollectionViewCell.swift in Sources */,
				4A7C215A2B45834900DEDE40 /* UIColor + Extension.swift in Sources */,
				4AD8838D2B48DE3300E951F4 /* RepoService.swift in Sources */,
			);
			runOnlyForDeploymentPostprocessing = 0;
		};
/* End PBXSourcesBuildPhase section */

/* Begin PBXVariantGroup section */
		4A7C21482B44B81E00DEDE40 /* LaunchScreen.storyboard */ = {
			isa = PBXVariantGroup;
			children = (
				4A7C21492B44B81E00DEDE40 /* Base */,
			);
			name = LaunchScreen.storyboard;
			sourceTree = "<group>";
		};
/* End PBXVariantGroup section */

/* Begin XCBuildConfiguration section */
		4A7C214C2B44B81E00DEDE40 /* Debug */ = {
			isa = XCBuildConfiguration;
			buildSettings = {
				ALWAYS_SEARCH_USER_PATHS = NO;
				ASSETCATALOG_COMPILER_GENERATE_SWIFT_ASSET_SYMBOL_EXTENSIONS = YES;
				CLANG_ANALYZER_NONNULL = YES;
				CLANG_ANALYZER_NUMBER_OBJECT_CONVERSION = YES_AGGRESSIVE;
				CLANG_CXX_LANGUAGE_STANDARD = "gnu++20";
				CLANG_ENABLE_MODULES = YES;
				CLANG_ENABLE_OBJC_ARC = YES;
				CLANG_ENABLE_OBJC_WEAK = YES;
				CLANG_WARN_BLOCK_CAPTURE_AUTORELEASING = YES;
				CLANG_WARN_BOOL_CONVERSION = YES;
				CLANG_WARN_COMMA = YES;
				CLANG_WARN_CONSTANT_CONVERSION = YES;
				CLANG_WARN_DEPRECATED_OBJC_IMPLEMENTATIONS = YES;
				CLANG_WARN_DIRECT_OBJC_ISA_USAGE = YES_ERROR;
				CLANG_WARN_DOCUMENTATION_COMMENTS = YES;
				CLANG_WARN_EMPTY_BODY = YES;
				CLANG_WARN_ENUM_CONVERSION = YES;
				CLANG_WARN_INFINITE_RECURSION = YES;
				CLANG_WARN_INT_CONVERSION = YES;
				CLANG_WARN_NON_LITERAL_NULL_CONVERSION = YES;
				CLANG_WARN_OBJC_IMPLICIT_RETAIN_SELF = YES;
				CLANG_WARN_OBJC_LITERAL_CONVERSION = YES;
				CLANG_WARN_OBJC_ROOT_CLASS = YES_ERROR;
				CLANG_WARN_QUOTED_INCLUDE_IN_FRAMEWORK_HEADER = YES;
				CLANG_WARN_RANGE_LOOP_ANALYSIS = YES;
				CLANG_WARN_STRICT_PROTOTYPES = YES;
				CLANG_WARN_SUSPICIOUS_MOVE = YES;
				CLANG_WARN_UNGUARDED_AVAILABILITY = YES_AGGRESSIVE;
				CLANG_WARN_UNREACHABLE_CODE = YES;
				CLANG_WARN__DUPLICATE_METHOD_MATCH = YES;
				COPY_PHASE_STRIP = NO;
				DEBUG_INFORMATION_FORMAT = dwarf;
				ENABLE_STRICT_OBJC_MSGSEND = YES;
				ENABLE_TESTABILITY = YES;
				ENABLE_USER_SCRIPT_SANDBOXING = YES;
				GCC_C_LANGUAGE_STANDARD = gnu17;
				GCC_DYNAMIC_NO_PIC = NO;
				GCC_NO_COMMON_BLOCKS = YES;
				GCC_OPTIMIZATION_LEVEL = 0;
				GCC_PREPROCESSOR_DEFINITIONS = (
					"DEBUG=1",
					"$(inherited)",
				);
				GCC_WARN_64_TO_32_BIT_CONVERSION = YES;
				GCC_WARN_ABOUT_RETURN_TYPE = YES_ERROR;
				GCC_WARN_UNDECLARED_SELECTOR = YES;
				GCC_WARN_UNINITIALIZED_AUTOS = YES_AGGRESSIVE;
				GCC_WARN_UNUSED_FUNCTION = YES;
				GCC_WARN_UNUSED_VARIABLE = YES;
				IPHONEOS_DEPLOYMENT_TARGET = 17.2;
				LOCALIZATION_PREFERS_STRING_CATALOGS = YES;
				MTL_ENABLE_DEBUG_INFO = INCLUDE_SOURCE;
				MTL_FAST_MATH = YES;
				ONLY_ACTIVE_ARCH = YES;
				SDKROOT = iphoneos;
				SWIFT_ACTIVE_COMPILATION_CONDITIONS = "DEBUG $(inherited)";
				SWIFT_OPTIMIZATION_LEVEL = "-Onone";
			};
			name = Debug;
		};
		4A7C214D2B44B81E00DEDE40 /* Release */ = {
			isa = XCBuildConfiguration;
			buildSettings = {
				ALWAYS_SEARCH_USER_PATHS = NO;
				ASSETCATALOG_COMPILER_GENERATE_SWIFT_ASSET_SYMBOL_EXTENSIONS = YES;
				CLANG_ANALYZER_NONNULL = YES;
				CLANG_ANALYZER_NUMBER_OBJECT_CONVERSION = YES_AGGRESSIVE;
				CLANG_CXX_LANGUAGE_STANDARD = "gnu++20";
				CLANG_ENABLE_MODULES = YES;
				CLANG_ENABLE_OBJC_ARC = YES;
				CLANG_ENABLE_OBJC_WEAK = YES;
				CLANG_WARN_BLOCK_CAPTURE_AUTORELEASING = YES;
				CLANG_WARN_BOOL_CONVERSION = YES;
				CLANG_WARN_COMMA = YES;
				CLANG_WARN_CONSTANT_CONVERSION = YES;
				CLANG_WARN_DEPRECATED_OBJC_IMPLEMENTATIONS = YES;
				CLANG_WARN_DIRECT_OBJC_ISA_USAGE = YES_ERROR;
				CLANG_WARN_DOCUMENTATION_COMMENTS = YES;
				CLANG_WARN_EMPTY_BODY = YES;
				CLANG_WARN_ENUM_CONVERSION = YES;
				CLANG_WARN_INFINITE_RECURSION = YES;
				CLANG_WARN_INT_CONVERSION = YES;
				CLANG_WARN_NON_LITERAL_NULL_CONVERSION = YES;
				CLANG_WARN_OBJC_IMPLICIT_RETAIN_SELF = YES;
				CLANG_WARN_OBJC_LITERAL_CONVERSION = YES;
				CLANG_WARN_OBJC_ROOT_CLASS = YES_ERROR;
				CLANG_WARN_QUOTED_INCLUDE_IN_FRAMEWORK_HEADER = YES;
				CLANG_WARN_RANGE_LOOP_ANALYSIS = YES;
				CLANG_WARN_STRICT_PROTOTYPES = YES;
				CLANG_WARN_SUSPICIOUS_MOVE = YES;
				CLANG_WARN_UNGUARDED_AVAILABILITY = YES_AGGRESSIVE;
				CLANG_WARN_UNREACHABLE_CODE = YES;
				CLANG_WARN__DUPLICATE_METHOD_MATCH = YES;
				COPY_PHASE_STRIP = NO;
				DEBUG_INFORMATION_FORMAT = "dwarf-with-dsym";
				ENABLE_NS_ASSERTIONS = NO;
				ENABLE_STRICT_OBJC_MSGSEND = YES;
				ENABLE_USER_SCRIPT_SANDBOXING = YES;
				GCC_C_LANGUAGE_STANDARD = gnu17;
				GCC_NO_COMMON_BLOCKS = YES;
				GCC_WARN_64_TO_32_BIT_CONVERSION = YES;
				GCC_WARN_ABOUT_RETURN_TYPE = YES_ERROR;
				GCC_WARN_UNDECLARED_SELECTOR = YES;
				GCC_WARN_UNINITIALIZED_AUTOS = YES_AGGRESSIVE;
				GCC_WARN_UNUSED_FUNCTION = YES;
				GCC_WARN_UNUSED_VARIABLE = YES;
				IPHONEOS_DEPLOYMENT_TARGET = 17.2;
				LOCALIZATION_PREFERS_STRING_CATALOGS = YES;
				MTL_ENABLE_DEBUG_INFO = NO;
				MTL_FAST_MATH = YES;
				SDKROOT = iphoneos;
				SWIFT_COMPILATION_MODE = wholemodule;
				VALIDATE_PRODUCT = YES;
			};
			name = Release;
		};
		4A7C214F2B44B81E00DEDE40 /* Debug */ = {
			isa = XCBuildConfiguration;
			buildSettings = {
				ASSETCATALOG_COMPILER_APPICON_NAME = AppIcon;
				ASSETCATALOG_COMPILER_GLOBAL_ACCENT_COLOR_NAME = AccentColor;
				CODE_SIGN_STYLE = Automatic;
				CURRENT_PROJECT_VERSION = 1;
				DEVELOPMENT_TEAM = 49QQDL2HBJ;
				GENERATE_INFOPLIST_FILE = YES;
				INFOPLIST_FILE = RhGitSearch/Info.plist;
				INFOPLIST_KEY_UIApplicationSupportsIndirectInputEvents = YES;
				INFOPLIST_KEY_UILaunchStoryboardName = LaunchScreen;
				INFOPLIST_KEY_UIMainStoryboardFile = "";
				INFOPLIST_KEY_UISupportedInterfaceOrientations_iPad = "UIInterfaceOrientationPortrait UIInterfaceOrientationPortraitUpsideDown UIInterfaceOrientationLandscapeLeft UIInterfaceOrientationLandscapeRight";
				INFOPLIST_KEY_UISupportedInterfaceOrientations_iPhone = "UIInterfaceOrientationPortrait UIInterfaceOrientationLandscapeLeft UIInterfaceOrientationLandscapeRight";
				LD_RUNPATH_SEARCH_PATHS = (
					"$(inherited)",
					"@executable_path/Frameworks",
				);
				MARKETING_VERSION = 1.0;
				PRODUCT_BUNDLE_IDENTIFIER = marlondev.RhGitSearch;
				PRODUCT_NAME = "$(TARGET_NAME)";
				SWIFT_EMIT_LOC_STRINGS = YES;
				SWIFT_VERSION = 5.0;
				TARGETED_DEVICE_FAMILY = "1,2";
			};
			name = Debug;
		};
		4A7C21502B44B81E00DEDE40 /* Release */ = {
			isa = XCBuildConfiguration;
			buildSettings = {
				ASSETCATALOG_COMPILER_APPICON_NAME = AppIcon;
				ASSETCATALOG_COMPILER_GLOBAL_ACCENT_COLOR_NAME = AccentColor;
				CODE_SIGN_STYLE = Automatic;
				CURRENT_PROJECT_VERSION = 1;
				DEVELOPMENT_TEAM = 49QQDL2HBJ;
				GENERATE_INFOPLIST_FILE = YES;
				INFOPLIST_FILE = RhGitSearch/Info.plist;
				INFOPLIST_KEY_UIApplicationSupportsIndirectInputEvents = YES;
				INFOPLIST_KEY_UILaunchStoryboardName = LaunchScreen;
				INFOPLIST_KEY_UIMainStoryboardFile = "";
				INFOPLIST_KEY_UISupportedInterfaceOrientations_iPad = "UIInterfaceOrientationPortrait UIInterfaceOrientationPortraitUpsideDown UIInterfaceOrientationLandscapeLeft UIInterfaceOrientationLandscapeRight";
				INFOPLIST_KEY_UISupportedInterfaceOrientations_iPhone = "UIInterfaceOrientationPortrait UIInterfaceOrientationLandscapeLeft UIInterfaceOrientationLandscapeRight";
				LD_RUNPATH_SEARCH_PATHS = (
					"$(inherited)",
					"@executable_path/Frameworks",
				);
				MARKETING_VERSION = 1.0;
				PRODUCT_BUNDLE_IDENTIFIER = marlondev.RhGitSearch;
				PRODUCT_NAME = "$(TARGET_NAME)";
				SWIFT_EMIT_LOC_STRINGS = YES;
				SWIFT_VERSION = 5.0;
				TARGETED_DEVICE_FAMILY = "1,2";
			};
			name = Release;
		};
/* End XCBuildConfiguration section */

/* Begin XCConfigurationList section */
		4A7C21352B44B81B00DEDE40 /* Build configuration list for PBXProject "RhGitSearch" */ = {
			isa = XCConfigurationList;
			buildConfigurations = (
				4A7C214C2B44B81E00DEDE40 /* Debug */,
				4A7C214D2B44B81E00DEDE40 /* Release */,
			);
			defaultConfigurationIsVisible = 0;
			defaultConfigurationName = Release;
		};
		4A7C214E2B44B81E00DEDE40 /* Build configuration list for PBXNativeTarget "RhGitSearch" */ = {
			isa = XCConfigurationList;
			buildConfigurations = (
				4A7C214F2B44B81E00DEDE40 /* Debug */,
				4A7C21502B44B81E00DEDE40 /* Release */,
			);
			defaultConfigurationIsVisible = 0;
			defaultConfigurationName = Release;
		};
/* End XCConfigurationList section */
	};
	rootObject = 4A7C21322B44B81B00DEDE40 /* Project object */;
}
